// !$*UTF8*$!
{
	archiveVersion = 1;
	classes = {
	};
	objectVersion = 50;
	objects = {

/* Begin PBXBuildFile section */
		3A97E6CF225804C800EDAD6F /* AppDelegate.swift in Sources */ = {isa = PBXBuildFile; fileRef = 3A97E6CE225804C800EDAD6F /* AppDelegate.swift */; };
		3A97E6D1225804C800EDAD6F /* ViewController.swift in Sources */ = {isa = PBXBuildFile; fileRef = 3A97E6D0225804C800EDAD6F /* ViewController.swift */; };
		3A97E6D6225804C900EDAD6F /* Assets.xcassets in Resources */ = {isa = PBXBuildFile; fileRef = 3A97E6D5225804C900EDAD6F /* Assets.xcassets */; };
		3A97E6D9225804C900EDAD6F /* LaunchScreen.storyboard in Resources */ = {isa = PBXBuildFile; fileRef = 3A97E6D7225804C900EDAD6F /* LaunchScreen.storyboard */; };
		3A97E6E4225804C900EDAD6F /* APIPlaygroundTests.swift in Sources */ = {isa = PBXBuildFile; fileRef = 3A97E6E3225804C900EDAD6F /* APIPlaygroundTests.swift */; };
		3A97E6F722588A4F00EDAD6F /* RxCocoa.framework in Frameworks */ = {isa = PBXBuildFile; fileRef = 3A97E6EF22588A4E00EDAD6F /* RxCocoa.framework */; };
		3A97E6F822588A4F00EDAD6F /* RxSwift.framework in Frameworks */ = {isa = PBXBuildFile; fileRef = 3A97E6F022588A4E00EDAD6F /* RxSwift.framework */; };
		3A97E6F922588A4F00EDAD6F /* RxMoya.framework in Frameworks */ = {isa = PBXBuildFile; fileRef = 3A97E6F122588A4E00EDAD6F /* RxMoya.framework */; };
		3A97E6FA22588A4F00EDAD6F /* Eureka.framework in Frameworks */ = {isa = PBXBuildFile; fileRef = 3A97E6F222588A4F00EDAD6F /* Eureka.framework */; };
		3A97E6FB22588A4F00EDAD6F /* Moya.framework in Frameworks */ = {isa = PBXBuildFile; fileRef = 3A97E6F322588A4F00EDAD6F /* Moya.framework */; };
		3A97E6FC22588A4F00EDAD6F /* Alamofire.framework in Frameworks */ = {isa = PBXBuildFile; fileRef = 3A97E6F422588A4F00EDAD6F /* Alamofire.framework */; };
		3A97E6FD22588A4F00EDAD6F /* SnapKit.framework in Frameworks */ = {isa = PBXBuildFile; fileRef = 3A97E6F522588A4F00EDAD6F /* SnapKit.framework */; };
		3A97E6FE22588A4F00EDAD6F /* Result.framework in Frameworks */ = {isa = PBXBuildFile; fileRef = 3A97E6F622588A4F00EDAD6F /* Result.framework */; };
/* End PBXBuildFile section */

/* Begin PBXContainerItemProxy section */
		3A97E6E0225804C900EDAD6F /* PBXContainerItemProxy */ = {
			isa = PBXContainerItemProxy;
			containerPortal = 3A97E6C3225804C800EDAD6F /* Project object */;
			proxyType = 1;
			remoteGlobalIDString = 3A97E6CA225804C800EDAD6F;
			remoteInfo = APIPlayground;
		};
/* End PBXContainerItemProxy section */

/* Begin PBXFileReference section */
		3A97E6CB225804C800EDAD6F /* APIPlayground.app */ = {isa = PBXFileReference; explicitFileType = wrapper.application; includeInIndex = 0; path = APIPlayground.app; sourceTree = BUILT_PRODUCTS_DIR; };
		3A97E6CE225804C800EDAD6F /* AppDelegate.swift */ = {isa = PBXFileReference; lastKnownFileType = sourcecode.swift; path = AppDelegate.swift; sourceTree = "<group>"; };
		3A97E6D0225804C800EDAD6F /* ViewController.swift */ = {isa = PBXFileReference; lastKnownFileType = sourcecode.swift; path = ViewController.swift; sourceTree = "<group>"; };
		3A97E6D5225804C900EDAD6F /* Assets.xcassets */ = {isa = PBXFileReference; lastKnownFileType = folder.assetcatalog; path = Assets.xcassets; sourceTree = "<group>"; };
		3A97E6D8225804C900EDAD6F /* Base */ = {isa = PBXFileReference; lastKnownFileType = file.storyboard; name = Base; path = Base.lproj/LaunchScreen.storyboard; sourceTree = "<group>"; };
		3A97E6DA225804C900EDAD6F /* Info.plist */ = {isa = PBXFileReference; lastKnownFileType = text.plist.xml; path = Info.plist; sourceTree = "<group>"; };
		3A97E6DF225804C900EDAD6F /* APIPlaygroundTests.xctest */ = {isa = PBXFileReference; explicitFileType = wrapper.cfbundle; includeInIndex = 0; path = APIPlaygroundTests.xctest; sourceTree = BUILT_PRODUCTS_DIR; };
		3A97E6E3225804C900EDAD6F /* APIPlaygroundTests.swift */ = {isa = PBXFileReference; lastKnownFileType = sourcecode.swift; path = APIPlaygroundTests.swift; sourceTree = "<group>"; };
		3A97E6E5225804C900EDAD6F /* Info.plist */ = {isa = PBXFileReference; lastKnownFileType = text.plist.xml; path = Info.plist; sourceTree = "<group>"; };
		3A97E6EF22588A4E00EDAD6F /* RxCocoa.framework */ = {isa = PBXFileReference; lastKnownFileType = wrapper.framework; name = RxCocoa.framework; path = Carthage/Build/iOS/RxCocoa.framework; sourceTree = "<group>"; };
		3A97E6F022588A4E00EDAD6F /* RxSwift.framework */ = {isa = PBXFileReference; lastKnownFileType = wrapper.framework; name = RxSwift.framework; path = Carthage/Build/iOS/RxSwift.framework; sourceTree = "<group>"; };
		3A97E6F122588A4E00EDAD6F /* RxMoya.framework */ = {isa = PBXFileReference; lastKnownFileType = wrapper.framework; name = RxMoya.framework; path = Carthage/Build/iOS/RxMoya.framework; sourceTree = "<group>"; };
		3A97E6F222588A4F00EDAD6F /* Eureka.framework */ = {isa = PBXFileReference; lastKnownFileType = wrapper.framework; name = Eureka.framework; path = Carthage/Build/iOS/Eureka.framework; sourceTree = "<group>"; };
		3A97E6F322588A4F00EDAD6F /* Moya.framework */ = {isa = PBXFileReference; lastKnownFileType = wrapper.framework; name = Moya.framework; path = Carthage/Build/iOS/Moya.framework; sourceTree = "<group>"; };
		3A97E6F422588A4F00EDAD6F /* Alamofire.framework */ = {isa = PBXFileReference; lastKnownFileType = wrapper.framework; name = Alamofire.framework; path = Carthage/Build/iOS/Alamofire.framework; sourceTree = "<group>"; };
		3A97E6F522588A4F00EDAD6F /* SnapKit.framework */ = {isa = PBXFileReference; lastKnownFileType = wrapper.framework; name = SnapKit.framework; path = Carthage/Build/iOS/SnapKit.framework; sourceTree = "<group>"; };
		3A97E6F622588A4F00EDAD6F /* Result.framework */ = {isa = PBXFileReference; lastKnownFileType = wrapper.framework; name = Result.framework; path = Carthage/Build/iOS/Result.framework; sourceTree = "<group>"; };
/* End PBXFileReference section */

/* Begin PBXFrameworksBuildPhase section */
		3A97E6C8225804C800EDAD6F /* Frameworks */ = {
			isa = PBXFrameworksBuildPhase;
			buildActionMask = 2147483647;
			files = (
				3A97E6F722588A4F00EDAD6F /* RxCocoa.framework in Frameworks */,
				3A97E6F822588A4F00EDAD6F /* RxSwift.framework in Frameworks */,
				3A97E6F922588A4F00EDAD6F /* RxMoya.framework in Frameworks */,
				3A97E6FA22588A4F00EDAD6F /* Eureka.framework in Frameworks */,
				3A97E6FB22588A4F00EDAD6F /* Moya.framework in Frameworks */,
				3A97E6FC22588A4F00EDAD6F /* Alamofire.framework in Frameworks */,
				3A97E6FD22588A4F00EDAD6F /* SnapKit.framework in Frameworks */,
				3A97E6FE22588A4F00EDAD6F /* Result.framework in Frameworks */,
			);
			runOnlyForDeploymentPostprocessing = 0;
		};
		3A97E6DC225804C900EDAD6F /* Frameworks */ = {
			isa = PBXFrameworksBuildPhase;
			buildActionMask = 2147483647;
			files = (
			);
			runOnlyForDeploymentPostprocessing = 0;
		};
/* End PBXFrameworksBuildPhase section */

/* Begin PBXGroup section */
		3A97E6C2225804C800EDAD6F = {
			isa = PBXGroup;
			children = (
				3A97E6CD225804C800EDAD6F /* APIPlayground */,
				3A97E6E2225804C900EDAD6F /* APIPlaygroundTests */,
				3A97E6CC225804C800EDAD6F /* Products */,
				3A97E6EE22588A4E00EDAD6F /* Frameworks */,
			);
			sourceTree = "<group>";
		};
		3A97E6CC225804C800EDAD6F /* Products */ = {
			isa = PBXGroup;
			children = (
				3A97E6CB225804C800EDAD6F /* APIPlayground.app */,
				3A97E6DF225804C900EDAD6F /* APIPlaygroundTests.xctest */,
			);
			name = Products;
			sourceTree = "<group>";
		};
		3A97E6CD225804C800EDAD6F /* APIPlayground */ = {
			isa = PBXGroup;
			children = (
				3A97E6CE225804C800EDAD6F /* AppDelegate.swift */,
				3A97E6D0225804C800EDAD6F /* ViewController.swift */,
				3A97E6D5225804C900EDAD6F /* Assets.xcassets */,
				3A97E6D7225804C900EDAD6F /* LaunchScreen.storyboard */,
				3A97E6DA225804C900EDAD6F /* Info.plist */,
			);
			path = APIPlayground;
			sourceTree = "<group>";
		};
		3A97E6E2225804C900EDAD6F /* APIPlaygroundTests */ = {
			isa = PBXGroup;
			children = (
				3A97E6E3225804C900EDAD6F /* APIPlaygroundTests.swift */,
				3A97E6E5225804C900EDAD6F /* Info.plist */,
			);
			path = APIPlaygroundTests;
			sourceTree = "<group>";
		};
		3A97E6EE22588A4E00EDAD6F /* Frameworks */ = {
			isa = PBXGroup;
			children = (
				3A97E6F422588A4F00EDAD6F /* Alamofire.framework */,
				3A97E6F222588A4F00EDAD6F /* Eureka.framework */,
				3A97E6F322588A4F00EDAD6F /* Moya.framework */,
				3A97E6F622588A4F00EDAD6F /* Result.framework */,
				3A97E6EF22588A4E00EDAD6F /* RxCocoa.framework */,
				3A97E6F122588A4E00EDAD6F /* RxMoya.framework */,
				3A97E6F022588A4E00EDAD6F /* RxSwift.framework */,
				3A97E6F522588A4F00EDAD6F /* SnapKit.framework */,
			);
			name = Frameworks;
			sourceTree = "<group>";
		};
/* End PBXGroup section */

/* Begin PBXNativeTarget section */
		3A97E6CA225804C800EDAD6F /* APIPlayground */ = {
			isa = PBXNativeTarget;
			buildConfigurationList = 3A97E6E8225804C900EDAD6F /* Build configuration list for PBXNativeTarget "APIPlayground" */;
			buildPhases = (
				3A97E6C7225804C800EDAD6F /* Sources */,
				3A97E6C8225804C800EDAD6F /* Frameworks */,
				3A97E6C9225804C800EDAD6F /* Resources */,
				3A97E6FF22588A5F00EDAD6F /* Carthage Copy frameworks */,
			);
			buildRules = (
			);
			dependencies = (
			);
			name = APIPlayground;
			productName = APIPlayground;
			productReference = 3A97E6CB225804C800EDAD6F /* APIPlayground.app */;
			productType = "com.apple.product-type.application";
		};
		3A97E6DE225804C900EDAD6F /* APIPlaygroundTests */ = {
			isa = PBXNativeTarget;
			buildConfigurationList = 3A97E6EB225804C900EDAD6F /* Build configuration list for PBXNativeTarget "APIPlaygroundTests" */;
			buildPhases = (
				3A97E6DB225804C900EDAD6F /* Sources */,
				3A97E6DC225804C900EDAD6F /* Frameworks */,
				3A97E6DD225804C900EDAD6F /* Resources */,
			);
			buildRules = (
			);
			dependencies = (
				3A97E6E1225804C900EDAD6F /* PBXTargetDependency */,
			);
			name = APIPlaygroundTests;
			productName = APIPlaygroundTests;
			productReference = 3A97E6DF225804C900EDAD6F /* APIPlaygroundTests.xctest */;
			productType = "com.apple.product-type.bundle.unit-test";
		};
/* End PBXNativeTarget section */

/* Begin PBXProject section */
		3A97E6C3225804C800EDAD6F /* Project object */ = {
			isa = PBXProject;
			attributes = {
				LastSwiftUpdateCheck = 1020;
				LastUpgradeCheck = 1020;
				ORGANIZATIONNAME = maimai;
				TargetAttributes = {
					3A97E6CA225804C800EDAD6F = {
						CreatedOnToolsVersion = 10.2;
					};
					3A97E6DE225804C900EDAD6F = {
						CreatedOnToolsVersion = 10.2;
						TestTargetID = 3A97E6CA225804C800EDAD6F;
					};
				};
			};
			buildConfigurationList = 3A97E6C6225804C800EDAD6F /* Build configuration list for PBXProject "APIPlayground" */;
			compatibilityVersion = "Xcode 9.3";
			developmentRegion = en;
			hasScannedForEncodings = 0;
			knownRegions = (
				en,
				Base,
			);
			mainGroup = 3A97E6C2225804C800EDAD6F;
			productRefGroup = 3A97E6CC225804C800EDAD6F /* Products */;
			projectDirPath = "";
			projectRoot = "";
			targets = (
				3A97E6CA225804C800EDAD6F /* APIPlayground */,
				3A97E6DE225804C900EDAD6F /* APIPlaygroundTests */,
			);
		};
/* End PBXProject section */

/* Begin PBXResourcesBuildPhase section */
		3A97E6C9225804C800EDAD6F /* Resources */ = {
			isa = PBXResourcesBuildPhase;
			buildActionMask = 2147483647;
			files = (
				3A97E6D9225804C900EDAD6F /* LaunchScreen.storyboard in Resources */,
				3A97E6D6225804C900EDAD6F /* Assets.xcassets in Resources */,
			);
			runOnlyForDeploymentPostprocessing = 0;
		};
		3A97E6DD225804C900EDAD6F /* Resources */ = {
			isa = PBXResourcesBuildPhase;
			buildActionMask = 2147483647;
			files = (
			);
			runOnlyForDeploymentPostprocessing = 0;
		};
/* End PBXResourcesBuildPhase section */

/* Begin PBXShellScriptBuildPhase section */
		3A97E6FF22588A5F00EDAD6F /* Carthage Copy frameworks */ = {
			isa = PBXShellScriptBuildPhase;
			buildActionMask = 2147483647;
			files = (
			);
			inputFileListPaths = (
			);
			inputPaths = (
				"$(SRCROOT)/Carthage/Build/iOS/Alamofire.framework",
				"$(SRCROOT)/Carthage/Build/iOS/Eureka.framework",
				"$(SRCROOT)/Carthage/Build/iOS/Moya.framework",
				"$(SRCROOT)/Carthage/Build/iOS/RxCocoa.framework",
				"$(SRCROOT)/Carthage/Build/iOS/RxMoya.framework",
				"$(SRCROOT)/Carthage/Build/iOS/RxSwift.framework",
				"$(SRCROOT)/Carthage/Build/iOS/Result.framework",
				"$(SRCROOT)/Carthage/Build/iOS/SnapKit.framework",
			);
			name = "Carthage Copy frameworks";
			outputFileListPaths = (
			);
			outputPaths = (
				"$(BUILT_PRODUCTS_DIR)/$(FRAMEWORKS_FOLDER_PATH)/Alamofire.framework",
				"$(BUILT_PRODUCTS_DIR)/$(FRAMEWORKS_FOLDER_PATH)/Eureka.framework",
				"$(BUILT_PRODUCTS_DIR)/$(FRAMEWORKS_FOLDER_PATH)/Moya.framework",
				"$(BUILT_PRODUCTS_DIR)/$(FRAMEWORKS_FOLDER_PATH)/RxMoya.framework",
				"$(BUILT_PRODUCTS_DIR)/$(FRAMEWORKS_FOLDER_PATH)/RxCocoa.framework",
				"$(BUILT_PRODUCTS_DIR)/$(FRAMEWORKS_FOLDER_PATH)/RxSwift.framework",
				"$(BUILT_PRODUCTS_DIR)/$(FRAMEWORKS_FOLDER_PATH)/Result.framework",
				"$(BUILT_PRODUCTS_DIR)/$(FRAMEWORKS_FOLDER_PATH)/SnapKit.framework",
			);
			runOnlyForDeploymentPostprocessing = 0;
			shellPath = /bin/sh;
			shellScript = "/usr/local/bin/carthage copy-frameworks\n";
		};
/* End PBXShellScriptBuildPhase section */

/* Begin PBXSourcesBuildPhase section */
		3A97E6C7225804C800EDAD6F /* Sources */ = {
			isa = PBXSourcesBuildPhase;
			buildActionMask = 2147483647;
			files = (
				3A97E6D1225804C800EDAD6F /* ViewController.swift in Sources */,
				3A97E6CF225804C800EDAD6F /* AppDelegate.swift in Sources */,
			);
			runOnlyForDeploymentPostprocessing = 0;
		};
		3A97E6DB225804C900EDAD6F /* Sources */ = {
			isa = PBXSourcesBuildPhase;
			buildActionMask = 2147483647;
			files = (
				3A97E6E4225804C900EDAD6F /* APIPlaygroundTests.swift in Sources */,
			);
			runOnlyForDeploymentPostprocessing = 0;
		};
/* End PBXSourcesBuildPhase section */

/* Begin PBXTargetDependency section */
		3A97E6E1225804C900EDAD6F /* PBXTargetDependency */ = {
			isa = PBXTargetDependency;
			target = 3A97E6CA225804C800EDAD6F /* APIPlayground */;
			targetProxy = 3A97E6E0225804C900EDAD6F /* PBXContainerItemProxy */;
		};
/* End PBXTargetDependency section */

/* Begin PBXVariantGroup section */
		3A97E6D7225804C900EDAD6F /* LaunchScreen.storyboard */ = {
			isa = PBXVariantGroup;
			children = (
				3A97E6D8225804C900EDAD6F /* Base */,
			);
			name = LaunchScreen.storyboard;
			sourceTree = "<group>";
		};
/* End PBXVariantGroup section */

/* Begin XCBuildConfiguration section */
		3A97E6E6225804C900EDAD6F /* Debug */ = {
			isa = XCBuildConfiguration;
			buildSettings = {
				ALWAYS_SEARCH_USER_PATHS = NO;
				CLANG_ANALYZER_NONNULL = YES;
				CLANG_ANALYZER_NUMBER_OBJECT_CONVERSION = YES_AGGRESSIVE;
				CLANG_CXX_LANGUAGE_STANDARD = "gnu++14";
				CLANG_CXX_LIBRARY = "libc++";
				CLANG_ENABLE_MODULES = YES;
				CLANG_ENABLE_OBJC_ARC = YES;
				CLANG_ENABLE_OBJC_WEAK = YES;
				CLANG_WARN_BLOCK_CAPTURE_AUTORELEASING = YES;
				CLANG_WARN_BOOL_CONVERSION = YES;
				CLANG_WARN_COMMA = YES;
				CLANG_WARN_CONSTANT_CONVERSION = YES;
				CLANG_WARN_DEPRECATED_OBJC_IMPLEMENTATIONS = YES;
				CLANG_WARN_DIRECT_OBJC_ISA_USAGE = YES_ERROR;
				CLANG_WARN_DOCUMENTATION_COMMENTS = YES;
				CLANG_WARN_EMPTY_BODY = YES;
				CLANG_WARN_ENUM_CONVERSION = YES;
				CLANG_WARN_INFINITE_RECURSION = YES;
				CLANG_WARN_INT_CONVERSION = YES;
				CLANG_WARN_NON_LITERAL_NULL_CONVERSION = YES;
				CLANG_WARN_OBJC_IMPLICIT_RETAIN_SELF = YES;
				CLANG_WARN_OBJC_LITERAL_CONVERSION = YES;
				CLANG_WARN_OBJC_ROOT_CLASS = YES_ERROR;
				CLANG_WARN_RANGE_LOOP_ANALYSIS = YES;
				CLANG_WARN_STRICT_PROTOTYPES = YES;
				CLANG_WARN_SUSPICIOUS_MOVE = YES;
				CLANG_WARN_UNGUARDED_AVAILABILITY = YES_AGGRESSIVE;
				CLANG_WARN_UNREACHABLE_CODE = YES;
				CLANG_WARN__DUPLICATE_METHOD_MATCH = YES;
				CODE_SIGN_IDENTITY = "iPhone Developer";
				COPY_PHASE_STRIP = NO;
				DEBUG_INFORMATION_FORMAT = dwarf;
				ENABLE_STRICT_OBJC_MSGSEND = YES;
				ENABLE_TESTABILITY = YES;
				GCC_C_LANGUAGE_STANDARD = gnu11;
				GCC_DYNAMIC_NO_PIC = NO;
				GCC_NO_COMMON_BLOCKS = YES;
				GCC_OPTIMIZATION_LEVEL = 0;
				GCC_PREPROCESSOR_DEFINITIONS = (
					"DEBUG=1",
					"$(inherited)",
				);
				GCC_WARN_64_TO_32_BIT_CONVERSION = YES;
				GCC_WARN_ABOUT_RETURN_TYPE = YES_ERROR;
				GCC_WARN_UNDECLARED_SELECTOR = YES;
				GCC_WARN_UNINITIALIZED_AUTOS = YES_AGGRESSIVE;
				GCC_WARN_UNUSED_FUNCTION = YES;
				GCC_WARN_UNUSED_VARIABLE = YES;
				IPHONEOS_DEPLOYMENT_TARGET = 12.2;
				MTL_ENABLE_DEBUG_INFO = INCLUDE_SOURCE;
				MTL_FAST_MATH = YES;
				ONLY_ACTIVE_ARCH = YES;
				SDKROOT = iphoneos;
				SWIFT_ACTIVE_COMPILATION_CONDITIONS = DEBUG;
				SWIFT_OPTIMIZATION_LEVEL = "-Onone";
			};
			name = Debug;
		};
		3A97E6E7225804C900EDAD6F /* Release */ = {
			isa = XCBuildConfiguration;
			buildSettings = {
				ALWAYS_SEARCH_USER_PATHS = NO;
				CLANG_ANALYZER_NONNULL = YES;
				CLANG_ANALYZER_NUMBER_OBJECT_CONVERSION = YES_AGGRESSIVE;
				CLANG_CXX_LANGUAGE_STANDARD = "gnu++14";
				CLANG_CXX_LIBRARY = "libc++";
				CLANG_ENABLE_MODULES = YES;
				CLANG_ENABLE_OBJC_ARC = YES;
				CLANG_ENABLE_OBJC_WEAK = YES;
				CLANG_WARN_BLOCK_CAPTURE_AUTORELEASING = YES;
				CLANG_WARN_BOOL_CONVERSION = YES;
				CLANG_WARN_COMMA = YES;
				CLANG_WARN_CONSTANT_CONVERSION = YES;
				CLANG_WARN_DEPRECATED_OBJC_IMPLEMENTATIONS = YES;
				CLANG_WARN_DIRECT_OBJC_ISA_USAGE = YES_ERROR;
				CLANG_WARN_DOCUMENTATION_COMMENTS = YES;
				CLANG_WARN_EMPTY_BODY = YES;
				CLANG_WARN_ENUM_CONVERSION = YES;
				CLANG_WARN_INFINITE_RECURSION = YES;
				CLANG_WARN_INT_CONVERSION = YES;
				CLANG_WARN_NON_LITERAL_NULL_CONVERSION = YES;
				CLANG_WARN_OBJC_IMPLICIT_RETAIN_SELF = YES;
				CLANG_WARN_OBJC_LITERAL_CONVERSION = YES;
				CLANG_WARN_OBJC_ROOT_CLASS = YES_ERROR;
				CLANG_WARN_RANGE_LOOP_ANALYSIS = YES;
				CLANG_WARN_STRICT_PROTOTYPES = YES;
				CLANG_WARN_SUSPICIOUS_MOVE = YES;
				CLANG_WARN_UNGUARDED_AVAILABILITY = YES_AGGRESSIVE;
				CLANG_WARN_UNREACHABLE_CODE = YES;
				CLANG_WARN__DUPLICATE_METHOD_MATCH = YES;
				CODE_SIGN_IDENTITY = "iPhone Developer";
				COPY_PHASE_STRIP = NO;
				DEBUG_INFORMATION_FORMAT = "dwarf-with-dsym";
				ENABLE_NS_ASSERTIONS = NO;
				ENABLE_STRICT_OBJC_MSGSEND = YES;
				GCC_C_LANGUAGE_STANDARD = gnu11;
				GCC_NO_COMMON_BLOCKS = YES;
				GCC_WARN_64_TO_32_BIT_CONVERSION = YES;
				GCC_WARN_ABOUT_RETURN_TYPE = YES_ERROR;
				GCC_WARN_UNDECLARED_SELECTOR = YES;
				GCC_WARN_UNINITIALIZED_AUTOS = YES_AGGRESSIVE;
				GCC_WARN_UNUSED_FUNCTION = YES;
				GCC_WARN_UNUSED_VARIABLE = YES;
				IPHONEOS_DEPLOYMENT_TARGET = 12.2;
				MTL_ENABLE_DEBUG_INFO = NO;
				MTL_FAST_MATH = YES;
				SDKROOT = iphoneos;
				SWIFT_COMPILATION_MODE = wholemodule;
				SWIFT_OPTIMIZATION_LEVEL = "-O";
				VALIDATE_PRODUCT = YES;
			};
			name = Release;
		};
		3A97E6E9225804C900EDAD6F /* Debug */ = {
			isa = XCBuildConfiguration;
			buildSettings = {
				ASSETCATALOG_COMPILER_APPICON_NAME = AppIcon;
				CODE_SIGN_STYLE = Automatic;
				DEVELOPMENT_TEAM = CRLRD53RWG;
				FRAMEWORK_SEARCH_PATHS = (
					"$(inherited)",
					"$(PROJECT_DIR)/Carthage/Build/iOS",
				);
				INFOPLIST_FILE = APIPlayground/Info.plist;
				LD_RUNPATH_SEARCH_PATHS = (
					"$(inherited)",
					"@executable_path/Frameworks",
				);
				PRODUCT_BUNDLE_IDENTIFIER = com.maimai.APIPlayground;
				PRODUCT_NAME = "$(TARGET_NAME)";
				SWIFT_VERSION = 5.0;
				TARGETED_DEVICE_FAMILY = "1,2";
			};
			name = Debug;
		};
		3A97E6EA225804C900EDAD6F /* Release */ = {
			isa = XCBuildConfiguration;
			buildSettings = {
				ASSETCATALOG_COMPILER_APPICON_NAME = AppIcon;
				CODE_SIGN_STYLE = Automatic;
				DEVELOPMENT_TEAM = CRLRD53RWG;
				FRAMEWORK_SEARCH_PATHS = (
					"$(inherited)",
					"$(PROJECT_DIR)/Carthage/Build/iOS",
				);
				INFOPLIST_FILE = APIPlayground/Info.plist;
				LD_RUNPATH_SEARCH_PATHS = (
					"$(inherited)",
					"@executable_path/Frameworks",
				);
				PRODUCT_BUNDLE_IDENTIFIER = com.maimai.APIPlayground;
				PRODUCT_NAME = "$(TARGET_NAME)";
				SWIFT_VERSION = 5.0;
				TARGETED_DEVICE_FAMILY = "1,2";
			};
			name = Release;
		};
		3A97E6EC225804C900EDAD6F /* Debug */ = {
			isa = XCBuildConfiguration;
			buildSettings = {
				ALWAYS_EMBED_SWIFT_STANDARD_LIBRARIES = YES;
				BUNDLE_LOADER = "$(TEST_HOST)";
				CODE_SIGN_STYLE = Automatic;
				DEVELOPMENT_TEAM = CRLRD53RWG;
				INFOPLIST_FILE = APIPlaygroundTests/Info.plist;
				LD_RUNPATH_SEARCH_PATHS = (
					"$(inherited)",
					"@executable_path/Frameworks",
					"@loader_path/Frameworks",
				);
				PRODUCT_BUNDLE_IDENTIFIER = com.maimai.APIPlaygroundTests;
				PRODUCT_NAME = "$(TARGET_NAME)";
				SWIFT_VERSION = 5.0;
				TARGETED_DEVICE_FAMILY = "1,2";
				TEST_HOST = "$(BUILT_PRODUCTS_DIR)/APIPlayground.app/APIPlayground";
			};
			name = Debug;
		};
		3A97E6ED225804C900EDAD6F /* Release */ = {
			isa = XCBuildConfiguration;
			buildSettings = {
				ALWAYS_EMBED_SWIFT_STANDARD_LIBRARIES = YES;
				BUNDLE_LOADER = "$(TEST_HOST)";
				CODE_SIGN_STYLE = Automatic;
				DEVELOPMENT_TEAM = CRLRD53RWG;
				INFOPLIST_FILE = APIPlaygroundTests/Info.plist;
				LD_RUNPATH_SEARCH_PATHS = (
					"$(inherited)",
					"@executable_path/Frameworks",
					"@loader_path/Frameworks",
				);
				PRODUCT_BUNDLE_IDENTIFIER = com.maimai.APIPlaygroundTests;
				PRODUCT_NAME = "$(TARGET_NAME)";
				SWIFT_VERSION = 5.0;
				TARGETED_DEVICE_FAMILY = "1,2";
				TEST_HOST = "$(BUILT_PRODUCTS_DIR)/APIPlayground.app/APIPlayground";
			};
			name = Release;
		};
/* End XCBuildConfiguration section */

/* Begin XCConfigurationList section */
		3A97E6C6225804C800EDAD6F /* Build configuration list for PBXProject "APIPlayground" */ = {
			isa = XCConfigurationList;
			buildConfigurations = (
				3A97E6E6225804C900EDAD6F /* Debug */,
				3A97E6E7225804C900EDAD6F /* Release */,
			);
			defaultConfigurationIsVisible = 0;
			defaultConfigurationName = Release;
		};
		3A97E6E8225804C900EDAD6F /* Build configuration list for PBXNativeTarget "APIPlayground" */ = {
			isa = XCConfigurationList;
			buildConfigurations = (
				3A97E6E9225804C900EDAD6F /* Debug */,
				3A97E6EA225804C900EDAD6F /* Release */,
			);
			defaultConfigurationIsVisible = 0;
			defaultConfigurationName = Release;
		};
		3A97E6EB225804C900EDAD6F /* Build configuration list for PBXNativeTarget "APIPlaygroundTests" */ = {
			isa = XCConfigurationList;
			buildConfigurations = (
				3A97E6EC225804C900EDAD6F /* Debug */,
				3A97E6ED225804C900EDAD6F /* Release */,
			);
			defaultConfigurationIsVisible = 0;
			defaultConfigurationName = Release;
		};
/* End XCConfigurationList section */
	};
	rootObject = 3A97E6C3225804C800EDAD6F /* Project object */;
}
